
Microsoft Visual Studio Solution File, Format Version 12.00
# Visual Studio Version 17
VisualStudioVersion = 17.14.36915.13
MinimumVisualStudioVersion = 10.0.40219.1
Project("{2150E333-8FDC-42A3-9474-1A3956D46DE8}") = "tests", "tests", "{02EA681E-C7D8-13C7-8484-4AC65E1B71E8}"
EndProject
Project("{FAE04EC0-301F-11D3-BF4B-00C04F79EFBC}") = "PTRP.App", "PTRP.App\PTRP.App.csproj", "{A3E7733C-484B-4974-A320-01D834BFF967}"
EndProject
Project("{FAE04EC0-301F-11D3-BF4B-00C04F79EFBC}") = "PTRP.Models", "PTRP.Models\PTRP.Models.csproj", "{EA10E7DD-5653-4C3D-B237-36D8667774BA}"
EndProject
Project("{FAE04EC0-301F-11D3-BF4B-00C04F79EFBC}") = "PTRP.ViewModels", "PTRP.ViewModels\PTRP.ViewModels.csproj", "{E1ED7B68-5D78-42F9-94EB-D199AA4E97E3}"
EndProject
Project("{FAE04EC0-301F-11D3-BF4B-00C04F79EFBC}") = "PTRP.Services", "PTRP.Services\PTRP.Services.csproj", "{F3E61F81-8BC5-4021-A169-98E14BAC8BF6}"
EndProject
Project("{FAE04EC0-301F-11D3-BF4B-00C04F79EFBC}") = "PTRP.Tests", "..\tests\PTRP.Tests\PTRP.Tests.csproj", "{0C6BBDD3-E47E-448F-8722-4BCC852B19E1}"
EndProject
Global
	GlobalSection(SolutionConfigurationPlatforms) = preSolution
		Debug|ARM64 = Debug|ARM64
		Debug|x64 = Debug|x64
		Debug|x86 = Debug|x86
		Release|ARM64 = Release|ARM64
		Release|x64 = Release|x64
		Release|x86 = Release|x86
	EndGlobalSection
	GlobalSection(ProjectConfigurationPlatforms) = postSolution
		{A3E7733C-484B-4974-A320-01D834BFF967}.Debug|ARM64.ActiveCfg = Debug|Any CPU
		{A3E7733C-484B-4974-A320-01D834BFF967}.Debug|ARM64.Build.0 = Debug|Any CPU
		{A3E7733C-484B-4974-A320-01D834BFF967}.Debug|x64.ActiveCfg = Debug|Any CPU
		{A3E7733C-484B-4974-A320-01D834BFF967}.Debug|x64.Build.0 = Debug|Any CPU
		{A3E7733C-484B-4974-A320-01D834BFF967}.Debug|x86.ActiveCfg = Debug|Any CPU
		{A3E7733C-484B-4974-A320-01D834BFF967}.Debug|x86.Build.0 = Debug|Any CPU
		{A3E7733C-484B-4974-A320-01D834BFF967}.Release|ARM64.ActiveCfg = Release|Any CPU
		{A3E7733C-484B-4974-A320-01D834BFF967}.Release|ARM64.Build.0 = Release|Any CPU
		{A3E7733C-484B-4974-A320-01D834BFF967}.Release|x64.ActiveCfg = Release|Any CPU
		{A3E7733C-484B-4974-A320-01D834BFF967}.Release|x64.Build.0 = Release|Any CPU
		{A3E7733C-484B-4974-A320-01D834BFF967}.Release|x86.ActiveCfg = Release|Any CPU
		{A3E7733C-484B-4974-A320-01D834BFF967}.Release|x86.Build.0 = Release|Any CPU
		{EA10E7DD-5653-4C3D-B237-36D8667774BA}.Debug|ARM64.ActiveCfg = Debug|Any CPU
		{EA10E7DD-5653-4C3D-B237-36D8667774BA}.Debug|ARM64.Build.0 = Debug|Any CPU
		{EA10E7DD-5653-4C3D-B237-36D8667774BA}.Debug|x64.ActiveCfg = Debug|Any CPU
		{EA10E7DD-5653-4C3D-B237-36D8667774BA}.Debug|x64.Build.0 = Debug|Any CPU
		{EA10E7DD-5653-4C3D-B237-36D8667774BA}.Debug|x86.ActiveCfg = Debug|Any CPU
		{EA10E7DD-5653-4C3D-B237-36D8667774BA}.Debug|x86.Build.0 = Debug|Any CPU
		{EA10E7DD-5653-4C3D-B237-36D8667774BA}.Release|ARM64.ActiveCfg = Release|Any CPU
		{EA10E7DD-5653-4C3D-B237-36D8667774BA}.Release|ARM64.Build.0 = Release|Any CPU
		{EA10E7DD-5653-4C3D-B237-36D8667774BA}.Release|x64.ActiveCfg = Release|Any CPU
		{EA10E7DD-5653-4C3D-B237-36D8667774BA}.Release|x64.Build.0 = Release|Any CPU
		{EA10E7DD-5653-4C3D-B237-36D8667774BA}.Release|x86.ActiveCfg = Release|Any CPU
		{EA10E7DD-5653-4C3D-B237-36D8667774BA}.Release|x86.Build.0 = Release|Any CPU
		{E1ED7B68-5D78-42F9-94EB-D199AA4E97E3}.Debug|ARM64.ActiveCfg = Debug|Any CPU
		{E1ED7B68-5D78-42F9-94EB-D199AA4E97E3}.Debug|ARM64.Build.0 = Debug|Any CPU
		{E1ED7B68-5D78-42F9-94EB-D199AA4E97E3}.Debug|x64.ActiveCfg = Debug|Any CPU
		{E1ED7B68-5D78-42F9-94EB-D199AA4E97E3}.Debug|x64.Build.0 = Debug|Any CPU
		{E1ED7B68-5D78-42F9-94EB-D199AA4E97E3}.Debug|x86.ActiveCfg = Debug|Any CPU
		{E1ED7B68-5D78-42F9-94EB-D199AA4E97E3}.Debug|x86.Build.0 = Debug|Any CPU
		{E1ED7B68-5D78-42F9-94EB-D199AA4E97E3}.Release|ARM64.ActiveCfg = Release|Any CPU
		{E1ED7B68-5D78-42F9-94EB-D199AA4E97E3}.Release|ARM64.Build.0 = Release|Any CPU
		{E1ED7B68-5D78-42F9-94EB-D199AA4E97E3}.Release|x64.ActiveCfg = Release|Any CPU
		{E1ED7B68-5D78-42F9-94EB-D199AA4E97E3}.Release|x64.Build.0 = Release|Any CPU
		{E1ED7B68-5D78-42F9-94EB-D199AA4E97E3}.Release|x86.ActiveCfg = Release|Any CPU
		{E1ED7B68-5D78-42F9-94EB-D199AA4E97E3}.Release|x86.Build.0 = Release|Any CPU
		{F3E61F81-8BC5-4021-A169-98E14BAC8BF6}.Debug|ARM64.ActiveCfg = Debug|Any CPU
		{F3E61F81-8BC5-4021-A169-98E14BAC8BF6}.Debug|ARM64.Build.0 = Debug|Any CPU
		{F3E61F81-8BC5-4021-A169-98E14BAC8BF6}.Debug|x64.ActiveCfg = Debug|Any CPU
		{F3E61F81-8BC5-4021-A169-98E14BAC8BF6}.Debug|x64.Build.0 = Debug|Any CPU
		{F3E61F81-8BC5-4021-A169-98E14BAC8BF6}.Debug|x86.ActiveCfg = Debug|Any CPU
		{F3E61F81-8BC5-4021-A169-98E14BAC8BF6}.Debug|x86.Build.0 = Debug|Any CPU
		{F3E61F81-8BC5-4021-A169-98E14BAC8BF6}.Release|ARM64.ActiveCfg = Release|Any CPU
		{F3E61F81-8BC5-4021-A169-98E14BAC8BF6}.Release|ARM64.Build.0 = Release|Any CPU
		{F3E61F81-8BC5-4021-A169-98E14BAC8BF6}.Release|x64.ActiveCfg = Release|Any CPU
		{F3E61F81-8BC5-4021-A169-98E14BAC8BF6}.Release|x64.Build.0 = Release|Any CPU
		{F3E61F81-8BC5-4021-A169-98E14BAC8BF6}.Release|x86.ActiveCfg = Release|Any CPU
		{F3E61F81-8BC5-4021-A169-98E14BAC8BF6}.Release|x86.Build.0 = Release|Any CPU
		{0C6BBDD3-E47E-448F-8722-4BCC852B19E1}.Debug|ARM64.ActiveCfg = Debug|Any CPU
		{0C6BBDD3-E47E-448F-8722-4BCC852B19E1}.Debug|ARM64.Build.0 = Debug|Any CPU
		{0C6BBDD3-E47E-448F-8722-4BCC852B19E1}.Debug|x64.ActiveCfg = Debug|Any CPU
		{0C6BBDD3-E47E-448F-8722-4BCC852B19E1}.Debug|x64.Build.0 = Debug|Any CPU
		{0C6BBDD3-E47E-448F-8722-4BCC852B19E1}.Debug|x86.ActiveCfg = Debug|Any CPU
		{0C6BBDD3-E47E-448F-8722-4BCC852B19E1}.Debug|x86.Build.0 = Debug|Any CPU
		{0C6BBDD3-E47E-448F-8722-4BCC852B19E1}.Release|ARM64.ActiveCfg = Release|Any CPU
		{0C6BBDD3-E47E-448F-8722-4BCC852B19E1}.Release|ARM64.Build.0 = Release|Any CPU
		{0C6BBDD3-E47E-448F-8722-4BCC852B19E1}.Release|x64.ActiveCfg = Release|Any CPU
		{0C6BBDD3-E47E-448F-8722-4BCC852B19E1}.Release|x64.Build.0 = Release|Any CPU
		{0C6BBDD3-E47E-448F-8722-4BCC852B19E1}.Release|x86.ActiveCfg = Release|Any CPU
		{0C6BBDD3-E47E-448F-8722-4BCC852B19E1}.Release|x86.Build.0 = Release|Any CPU
	EndGlobalSection
	GlobalSection(SolutionProperties) = preSolution
		HideSolutionNode = FALSE
	EndGlobalSection
	GlobalSection(NestedProjects) = preSolution
		{0C6BBDD3-E47E-448F-8722-4BCC852B19E1} = {02EA681E-C7D8-13C7-8484-4AC65E1B71E8}
	EndGlobalSection
	GlobalSection(ExtensibilityGlobals) = postSolution
		SolutionGuid = {DE77F7DB-7C8E-48B5-BFFF-B6E3FD1D1689}
	EndGlobalSection
EndGlobal
